
Microsoft Visual Studio Solution File, Format Version 12.00
# Visual Studio Version 17
VisualStudioVersion = 17.14.36109.1 d17.14
MinimumVisualStudioVersion = 10.0.40219.1
Project("{FAE04EC0-301F-11D3-BF4B-00C04F79EFBC}") = "SuperMarketAPI", "SuperMarketAPI\SuperMarketAPI.csproj", "{D1A450E1-088F-4C99-81F0-ED0D4936DFBC}"
EndProject
Global
	GlobalSection(SolutionConfigurationPlatforms) = preSolution
		Debug|Any CPU = Debug|Any CPU
		Release|Any CPU = Release|Any CPU
	EndGlobalSection
	GlobalSection(ProjectConfigurationPlatforms) = postSolution
		{D1A450E1-088F-4C99-81F0-ED0D4936DFBC}.Debug|Any CPU.ActiveCfg = Debug|Any CPU
		{D1A450E1-088F-4C99-81F0-ED0D4936DFBC}.Debug|Any CPU.Build.0 = Debug|Any CPU
		{D1A450E1-088F-4C99-81F0-ED0D4936DFBC}.Release|Any CPU.ActiveCfg = Release|Any CPU
		{D1A450E1-088F-4C99-81F0-ED0D4936DFBC}.Release|Any CPU.Build.0 = Release|Any CPU
	EndGlobalSection
	GlobalSection(SolutionProperties) = preSolution
		HideSolutionNode = FALSE
	EndGlobalSection
	GlobalSection(ExtensibilityGlobals) = postSolution
		SolutionGuid = {B7E1BA8B-359F-4BC4-8A1C-39603FDF636C}
	EndGlobalSection
EndGlobal
